# This file is automatically @generated by Cargo.
# It is not intended for manual editing.
[[package]]
name = "addr2line"
version = "0.14.0"
source = "registry+https://github.com/rust-lang/crates.io-index"
checksum = "7c0929d69e78dd9bf5408269919fcbcaeb2e35e5d43e5815517cdc6a8e11a423"
dependencies = [
 "gimli",
]

[[package]]
name = "adler"
version = "0.2.3"
source = "registry+https://github.com/rust-lang/crates.io-index"
checksum = "ee2a4ec343196209d6594e19543ae87a39f96d5534d7174822a3ad825dd6ed7e"

[[package]]
name = "aho-corasick"
version = "0.7.14"
source = "registry+https://github.com/rust-lang/crates.io-index"
checksum = "b476ce7103678b0c6d3d395dbbae31d48ff910bd28be979ba5d48c6351131d0d"
dependencies = [
 "memchr",
]

[[package]]
name = "ansi_term"
version = "0.11.0"
source = "registry+https://github.com/rust-lang/crates.io-index"
checksum = "ee49baf6cb617b853aa8d93bf420db2383fab46d314482ca2803b40d5fde979b"
dependencies = [
 "winapi",
]

[[package]]
name = "anyhow"
version = "1.0.34"
source = "registry+https://github.com/rust-lang/crates.io-index"
checksum = "bf8dcb5b4bbaa28653b647d8c77bd4ed40183b48882e130c1f1ffb73de069fd7"

[[package]]
name = "assert_cmd"
version = "1.0.1"
source = "registry+https://github.com/rust-lang/crates.io-index"
checksum = "c88b9ca26f9c16ec830350d309397e74ee9abdfd8eb1f71cb6ecc71a3fc818da"
dependencies = [
 "doc-comment",
 "predicates",
 "predicates-core",
 "predicates-tree",
 "wait-timeout",
]

[[package]]
name = "atty"
version = "0.2.14"
source = "registry+https://github.com/rust-lang/crates.io-index"
checksum = "d9b39be18770d11421cdb1b9947a45dd3f37e93092cbf377614828a319d5fee8"
dependencies = [
 "hermit-abi",
 "libc",
 "winapi",
]

[[package]]
name = "autocfg"
version = "1.0.1"
source = "registry+https://github.com/rust-lang/crates.io-index"
checksum = "cdb031dd78e28731d87d56cc8ffef4a8f36ca26c38fe2de700543e627f8a464a"

[[package]]
name = "backtrace"
version = "0.3.54"
source = "registry+https://github.com/rust-lang/crates.io-index"
checksum = "2baad346b2d4e94a24347adeee9c7a93f412ee94b9cc26e5b59dea23848e9f28"
dependencies = [
 "addr2line",
 "cfg-if 1.0.0",
 "libc",
 "miniz_oxide",
 "object",
 "rustc-demangle",
]

[[package]]
name = "battery"
version = "0.7.8"
source = "registry+https://github.com/rust-lang/crates.io-index"
checksum = "b4b624268937c0e0a3edb7c27843f9e547c320d730c610d3b8e6e8e95b2026e4"
dependencies = [
 "cfg-if 1.0.0",
 "core-foundation",
 "lazycell",
 "libc",
 "mach",
 "nix 0.19.0",
 "num-traits",
 "uom",
 "winapi",
]

[[package]]
name = "bitflags"
version = "1.2.1"
source = "registry+https://github.com/rust-lang/crates.io-index"
checksum = "cf1de2fe8c75bc145a2f577add951f8134889b4795d47466a54a5c846d691693"

[[package]]
name = "bottom"
version = "0.5.3"
dependencies = [
 "anyhow",
 "assert_cmd",
 "backtrace",
 "battery",
 "cargo-husky",
 "chrono",
 "clap",
 "crossterm",
 "ctrlc",
 "dirs-next",
 "fern",
 "futures",
 "heim",
 "indexmap",
 "itertools",
 "libc",
 "log",
 "once_cell",
 "predicates",
 "regex",
 "serde",
 "sysinfo",
 "thiserror",
 "toml",
 "tui",
 "typed-builder",
 "unicode-segmentation",
 "unicode-width",
 "winapi",
]

[[package]]
name = "cargo-husky"
version = "1.5.0"
source = "registry+https://github.com/rust-lang/crates.io-index"
checksum = "7b02b629252fe8ef6460461409564e2c21d0c8e77e0944f3d189ff06c4e932ad"

[[package]]
name = "cassowary"
version = "0.3.0"
source = "registry+https://github.com/rust-lang/crates.io-index"
checksum = "df8670b8c7b9dae1793364eafadf7239c40d669904660c5960d74cfd80b46a53"

[[package]]
name = "cc"
version = "1.0.61"
source = "registry+https://github.com/rust-lang/crates.io-index"
checksum = "ed67cbde08356238e75fc4656be4749481eeffb09e19f320a25237d5221c985d"

[[package]]
name = "cfg-if"
version = "0.1.10"
source = "registry+https://github.com/rust-lang/crates.io-index"
checksum = "4785bdd1c96b2a846b2bd7cc02e86b6b3dbf14e7e53446c4f54c92a361040822"

[[package]]
name = "cfg-if"
version = "1.0.0"
source = "registry+https://github.com/rust-lang/crates.io-index"
checksum = "baf1de4339761588bc0619e3cbc0120ee582ebb74b53b4efbf79117bd2da40fd"

[[package]]
name = "chrono"
version = "0.4.19"
source = "registry+https://github.com/rust-lang/crates.io-index"
checksum = "670ad68c9088c2a963aaa298cb369688cf3f9465ce5e2d4ca10e6e0098a1ce73"
dependencies = [
 "libc",
 "num-integer",
 "num-traits",
 "time",
 "winapi",
]

[[package]]
name = "clap"
version = "2.33.3"
source = "registry+https://github.com/rust-lang/crates.io-index"
checksum = "37e58ac78573c40708d45522f0d80fa2f01cc4f9b4e2bf749807255454312002"
dependencies = [
 "ansi_term",
 "atty",
 "bitflags",
 "strsim",
 "textwrap",
 "unicode-width",
 "vec_map",
]

[[package]]
name = "cloudabi"
version = "0.1.0"
source = "registry+https://github.com/rust-lang/crates.io-index"
checksum = "4344512281c643ae7638bbabc3af17a11307803ec8f0fcad9fae512a8bf36467"
dependencies = [
 "bitflags",
]

[[package]]
name = "const_fn"
version = "0.4.3"
source = "registry+https://github.com/rust-lang/crates.io-index"
checksum = "c478836e029dcef17fb47c89023448c64f781a046e0300e257ad8225ae59afab"

[[package]]
name = "core-foundation"
version = "0.7.0"
source = "registry+https://github.com/rust-lang/crates.io-index"
checksum = "57d24c7a13c43e870e37c1556b74555437870a04514f7685f5b354e090567171"
dependencies = [
 "core-foundation-sys",
 "libc",
]

[[package]]
name = "core-foundation-sys"
version = "0.7.0"
source = "registry+https://github.com/rust-lang/crates.io-index"
checksum = "b3a71ab494c0b5b860bdc8407ae08978052417070c2ced38573a9157ad75b8ac"

[[package]]
name = "crossbeam-channel"
version = "0.5.0"
source = "registry+https://github.com/rust-lang/crates.io-index"
checksum = "dca26ee1f8d361640700bde38b2c37d8c22b3ce2d360e1fc1c74ea4b0aa7d775"
dependencies = [
 "cfg-if 1.0.0",
 "crossbeam-utils",
]

[[package]]
name = "crossbeam-deque"
version = "0.8.0"
source = "registry+https://github.com/rust-lang/crates.io-index"
checksum = "94af6efb46fef72616855b036a624cf27ba656ffc9be1b9a3c931cfc7749a9a9"
dependencies = [
 "cfg-if 1.0.0",
 "crossbeam-epoch",
 "crossbeam-utils",
]

[[package]]
name = "crossbeam-epoch"
version = "0.9.0"
source = "registry+https://github.com/rust-lang/crates.io-index"
checksum = "ec0f606a85340376eef0d6d8fec399e6d4a544d648386c6645eb6d0653b27d9f"
dependencies = [
 "cfg-if 1.0.0",
 "const_fn",
 "crossbeam-utils",
 "lazy_static",
 "memoffset",
 "scopeguard",
]

[[package]]
name = "crossbeam-utils"
version = "0.8.0"
source = "registry+https://github.com/rust-lang/crates.io-index"
checksum = "ec91540d98355f690a86367e566ecad2e9e579f230230eb7c21398372be73ea5"
dependencies = [
 "autocfg",
 "cfg-if 1.0.0",
 "const_fn",
 "lazy_static",
]

[[package]]
name = "crossterm"
version = "0.18.2"
source = "registry+https://github.com/rust-lang/crates.io-index"
checksum = "4e86d73f2a0b407b5768d10a8c720cf5d2df49a9efc10ca09176d201ead4b7fb"
dependencies = [
 "bitflags",
 "crossterm_winapi",
 "lazy_static",
 "libc",
 "mio",
 "parking_lot",
 "signal-hook",
 "winapi",
]

[[package]]
name = "crossterm_winapi"
version = "0.6.2"
source = "registry+https://github.com/rust-lang/crates.io-index"
checksum = "c2265c3f8e080075d9b6417aa72293fc71662f34b4af2612d8d1b074d29510db"
dependencies = [
 "winapi",
]

[[package]]
name = "ctrlc"
version = "3.1.7"
source = "registry+https://github.com/rust-lang/crates.io-index"
checksum = "b57a92e9749e10f25a171adcebfafe72991d45e7ec2dcb853e8f83d9dafaeb08"
dependencies = [
 "nix 0.18.0",
 "winapi",
]

[[package]]
name = "darwin-libproc"
version = "0.1.2"
source = "registry+https://github.com/rust-lang/crates.io-index"
checksum = "9fb90051930c9a0f09e585762152048e23ac74d20c10590ef7cf01c0343c3046"
dependencies = [
 "darwin-libproc-sys",
 "libc",
 "memchr",
]

[[package]]
name = "darwin-libproc-sys"
version = "0.1.2"
source = "registry+https://github.com/rust-lang/crates.io-index"
checksum = "57cebb5bde66eecdd30ddc4b9cd208238b15db4982ccc72db59d699ea10867c1"
dependencies = [
 "libc",
]

[[package]]
name = "difference"
version = "2.0.0"
source = "registry+https://github.com/rust-lang/crates.io-index"
checksum = "524cbf6897b527295dff137cec09ecf3a05f4fddffd7dfcd1585403449e74198"

[[package]]
name = "dirs-next"
version = "2.0.0"
source = "registry+https://github.com/rust-lang/crates.io-index"
checksum = "b98cf8ebf19c3d1b223e151f99a4f9f0690dca41414773390fc824184ac833e1"
dependencies = [
 "cfg-if 1.0.0",
 "dirs-sys-next",
]

[[package]]
name = "dirs-sys-next"
version = "0.1.1"
source = "registry+https://github.com/rust-lang/crates.io-index"
checksum = "99de365f605554ae33f115102a02057d4fc18b01f3284d6870be0938743cfe7d"
dependencies = [
 "libc",
 "redox_users",
 "winapi",
]

[[package]]
name = "doc-comment"
version = "0.3.3"
source = "registry+https://github.com/rust-lang/crates.io-index"
checksum = "fea41bba32d969b513997752735605054bc0dfa92b4c56bf1189f2e174be7a10"

[[package]]
name = "either"
version = "1.6.1"
source = "registry+https://github.com/rust-lang/crates.io-index"
checksum = "e78d4f1cc4ae33bbfc157ed5d5a5ef3bc29227303d595861deb238fcec4e9457"

[[package]]
name = "fern"
version = "0.6.0"
source = "registry+https://github.com/rust-lang/crates.io-index"
checksum = "8c9a4820f0ccc8a7afd67c39a0f1a0f4b07ca1725164271a64939d7aeb9af065"
dependencies = [
 "log",
]

[[package]]
name = "float-cmp"
version = "0.8.0"
source = "registry+https://github.com/rust-lang/crates.io-index"
checksum = "e1267f4ac4f343772758f7b1bdcbe767c218bbab93bb432acbf5162bbf85a6c4"
dependencies = [
 "num-traits",
]

[[package]]
name = "futures"
version = "0.3.8"
source = "registry+https://github.com/rust-lang/crates.io-index"
checksum = "9b3b0c040a1fe6529d30b3c5944b280c7f0dcb2930d2c3062bca967b602583d0"
dependencies = [
 "futures-channel",
 "futures-core",
 "futures-executor",
 "futures-io",
 "futures-sink",
 "futures-task",
 "futures-util",
]

[[package]]
name = "futures-channel"
version = "0.3.8"
source = "registry+https://github.com/rust-lang/crates.io-index"
checksum = "4b7109687aa4e177ef6fe84553af6280ef2778bdb7783ba44c9dc3399110fe64"
dependencies = [
 "futures-core",
 "futures-sink",
]

[[package]]
name = "futures-core"
version = "0.3.8"
source = "registry+https://github.com/rust-lang/crates.io-index"
checksum = "847ce131b72ffb13b6109a221da9ad97a64cbe48feb1028356b836b47b8f1748"

[[package]]
name = "futures-executor"
version = "0.3.8"
source = "registry+https://github.com/rust-lang/crates.io-index"
checksum = "4caa2b2b68b880003057c1dd49f1ed937e38f22fcf6c212188a121f08cf40a65"
dependencies = [
 "futures-core",
 "futures-task",
 "futures-util",
]

[[package]]
name = "futures-io"
version = "0.3.8"
source = "registry+https://github.com/rust-lang/crates.io-index"
checksum = "611834ce18aaa1bd13c4b374f5d653e1027cf99b6b502584ff8c9a64413b30bb"

[[package]]
name = "futures-macro"
version = "0.3.8"
source = "registry+https://github.com/rust-lang/crates.io-index"
checksum = "77408a692f1f97bcc61dc001d752e00643408fbc922e4d634c655df50d595556"
dependencies = [
 "proc-macro-hack",
 "proc-macro2",
 "quote",
 "syn",
]

[[package]]
name = "futures-sink"
version = "0.3.8"
source = "registry+https://github.com/rust-lang/crates.io-index"
checksum = "f878195a49cee50e006b02b93cf7e0a95a38ac7b776b4c4d9cc1207cd20fcb3d"

[[package]]
name = "futures-task"
version = "0.3.8"
source = "registry+https://github.com/rust-lang/crates.io-index"
checksum = "7c554eb5bf48b2426c4771ab68c6b14468b6e76cc90996f528c3338d761a4d0d"
dependencies = [
 "once_cell",
]

[[package]]
name = "futures-util"
version = "0.3.8"
source = "registry+https://github.com/rust-lang/crates.io-index"
checksum = "d304cff4a7b99cfb7986f7d43fbe93d175e72e704a8860787cc95e9ffd85cbd2"
dependencies = [
 "futures-channel",
 "futures-core",
 "futures-io",
 "futures-macro",
 "futures-sink",
 "futures-task",
 "memchr",
 "pin-project",
 "pin-utils",
 "proc-macro-hack",
 "proc-macro-nested",
 "slab",
]

[[package]]
name = "getrandom"
version = "0.1.15"
source = "registry+https://github.com/rust-lang/crates.io-index"
checksum = "fc587bc0ec293155d5bfa6b9891ec18a1e330c234f896ea47fbada4cadbe47e6"
dependencies = [
 "cfg-if 0.1.10",
 "libc",
 "wasi 0.9.0+wasi-snapshot-preview1",
]

[[package]]
name = "gimli"
version = "0.23.0"
source = "registry+https://github.com/rust-lang/crates.io-index"
checksum = "f6503fe142514ca4799d4c26297c4248239fe8838d827db6bd6065c6ed29a6ce"

[[package]]
name = "hashbrown"
version = "0.9.1"
source = "registry+https://github.com/rust-lang/crates.io-index"
checksum = "d7afe4a420e3fe79967a00898cc1f4db7c8a49a9333a29f8a4bd76a253d5cd04"

[[package]]
name = "heim"
version = "0.0.11"
source = "registry+https://github.com/rust-lang/crates.io-index"
checksum = "4da6d047f03312960babf4d2032a6551bd14b4293b9cba61c17e33e1ef4b652d"
dependencies = [
 "heim-common",
 "heim-cpu",
 "heim-disk",
 "heim-host",
 "heim-memory",
 "heim-net",
 "heim-process",
 "heim-runtime",
 "heim-sensors",
 "heim-virt",
]

[[package]]
name = "heim-common"
version = "0.0.11"
source = "registry+https://github.com/rust-lang/crates.io-index"
checksum = "6f5a8c66797cb950fdbf6ea1d750f5ffe687e4cb13713fe1f3214d693ffd72a4"
dependencies = [
 "cfg-if 0.1.10",
 "core-foundation",
 "futures-core",
 "futures-util",
 "lazy_static",
 "libc",
 "mach",
 "nix 0.17.0",
 "pin-utils",
 "uom",
 "winapi",
]

[[package]]
name = "heim-cpu"
version = "0.0.11"
source = "registry+https://github.com/rust-lang/crates.io-index"
checksum = "cc191b97ede884083df6d4c0ac47246b86782a0d253d001d7b4610f6ec9cb21f"
dependencies = [
 "cfg-if 0.1.10",
 "heim-common",
 "heim-runtime",
 "lazy_static",
 "libc",
 "mach",
 "winapi",
]

[[package]]
name = "heim-disk"
version = "0.0.11"
source = "registry+https://github.com/rust-lang/crates.io-index"
checksum = "876034f2b6a4360668fded6bb1d787a76acd5d896998a035466c301f0bc98299"
dependencies = [
 "bitflags",
 "cfg-if 0.1.10",
 "core-foundation",
 "heim-common",
 "heim-runtime",
 "libc",
 "mach",
 "widestring",
 "winapi",
]

[[package]]
name = "heim-host"
version = "0.0.11"
source = "registry+https://github.com/rust-lang/crates.io-index"
checksum = "5e323e5563d38acfba5400a5b6fea252d40fb03c0318844f9c37501d2eda9564"
dependencies = [
 "cfg-if 0.1.10",
 "heim-common",
 "heim-runtime",
 "lazy_static",
 "libc",
 "mach",
 "platforms",
 "winapi",
]

[[package]]
name = "heim-memory"
version = "0.0.11"
source = "registry+https://github.com/rust-lang/crates.io-index"
checksum = "679781f53236883fe4f26c29c7973cf30fdd1812de7fd15f673dd84027bfe4a3"
dependencies = [
 "cfg-if 0.1.10",
 "heim-common",
 "heim-runtime",
 "lazy_static",
 "libc",
 "mach",
 "winapi",
]

[[package]]
name = "heim-net"
version = "0.0.11"
source = "registry+https://github.com/rust-lang/crates.io-index"
checksum = "03cfb3cdf09eee9abe0f01360e3270a45829851c9266dd99ee511b4c621840ea"
dependencies = [
 "bitflags",
 "cfg-if 0.1.10",
 "heim-common",
 "heim-runtime",
 "hex",
 "libc",
 "macaddr",
 "nix 0.17.0",
]

[[package]]
name = "heim-process"
version = "0.0.11"
source = "registry+https://github.com/rust-lang/crates.io-index"
checksum = "58bc17fe0cb77010de2a2d82f98af1e6be6bcd28ea1f5b10e57658630f6ce77c"
dependencies = [
 "cfg-if 0.1.10",
 "darwin-libproc",
 "heim-common",
 "heim-cpu",
 "heim-host",
 "heim-net",
 "heim-runtime",
 "lazy_static",
 "libc",
 "mach",
 "memchr",
 "ntapi",
 "ordered-float",
 "winapi",
]

[[package]]
name = "heim-runtime"
version = "0.0.7"
source = "registry+https://github.com/rust-lang/crates.io-index"
checksum = "1504955d04ec7cf8df8bbe541a8636f619450af6f618a6a6111dfecc79743ee5"
dependencies = [
 "cfg-if 0.1.10",
 "futures-channel",
 "heim-common",
 "lazy_static",
 "threadpool",
]

[[package]]
name = "heim-sensors"
version = "0.0.6"
source = "registry+https://github.com/rust-lang/crates.io-index"
checksum = "397b856317d361806d1428cabb261188d71d02faaf01463f12637b56ce0c7961"
dependencies = [
 "cfg-if 0.1.10",
 "heim-common",
 "heim-runtime",
]

[[package]]
name = "heim-virt"
version = "0.0.11"
source = "registry+https://github.com/rust-lang/crates.io-index"
checksum = "79e1d9cb9d87a4f8bc8721ae86c00eb2a232853bca969e63ff8f62660493c477"
dependencies = [
 "cfg-if 0.1.10",
 "heim-common",
 "heim-runtime",
 "raw-cpuid",
]

[[package]]
name = "hermit-abi"
version = "0.1.17"
source = "registry+https://github.com/rust-lang/crates.io-index"
checksum = "5aca5565f760fb5b220e499d72710ed156fdb74e631659e99377d9ebfbd13ae8"
dependencies = [
 "libc",
]

[[package]]
name = "hex"
version = "0.4.0"
source = "registry+https://github.com/rust-lang/crates.io-index"
checksum = "023b39be39e3a2da62a94feb433e91e8bcd37676fbc8bea371daf52b7a769a3e"

[[package]]
name = "indexmap"
version = "1.6.0"
source = "registry+https://github.com/rust-lang/crates.io-index"
checksum = "55e2e4c765aa53a0424761bf9f41aa7a6ac1efa87238f59560640e27fca028f2"
dependencies = [
 "autocfg",
 "hashbrown",
]

[[package]]
name = "instant"
version = "0.1.8"
source = "registry+https://github.com/rust-lang/crates.io-index"
checksum = "cb1fc4429a33e1f80d41dc9fea4d108a88bec1de8053878898ae448a0b52f613"
dependencies = [
 "cfg-if 1.0.0",
]

[[package]]
name = "itertools"
version = "0.9.0"
source = "registry+https://github.com/rust-lang/crates.io-index"
checksum = "284f18f85651fe11e8a991b2adb42cb078325c996ed026d994719efcfca1d54b"
dependencies = [
 "either",
]

[[package]]
name = "lazy_static"
version = "1.4.0"
source = "registry+https://github.com/rust-lang/crates.io-index"
checksum = "e2abad23fbc42b3700f2f279844dc832adb2b2eb069b2df918f455c4e18cc646"

[[package]]
name = "lazycell"
version = "1.3.0"
source = "registry+https://github.com/rust-lang/crates.io-index"
checksum = "830d08ce1d1d941e6b30645f1a0eb5643013d835ce3779a5fc208261dbe10f55"

[[package]]
name = "libc"
version = "0.2.80"
source = "registry+https://github.com/rust-lang/crates.io-index"
checksum = "4d58d1b70b004888f764dfbf6a26a3b0342a1632d33968e4a179d8011c760614"

[[package]]
name = "lock_api"
version = "0.4.1"
source = "registry+https://github.com/rust-lang/crates.io-index"
checksum = "28247cc5a5be2f05fbcd76dd0cf2c7d3b5400cb978a28042abcd4fa0b3f8261c"
dependencies = [
 "scopeguard",
]

[[package]]
name = "log"
version = "0.4.11"
source = "registry+https://github.com/rust-lang/crates.io-index"
checksum = "4fabed175da42fed1fa0746b0ea71f412aa9d35e76e95e59b192c64b9dc2bf8b"
dependencies = [
 "cfg-if 0.1.10",
]

[[package]]
name = "macaddr"
version = "1.0.1"
source = "registry+https://github.com/rust-lang/crates.io-index"
checksum = "baee0bbc17ce759db233beb01648088061bf678383130602a298e6998eedb2d8"

[[package]]
name = "mach"
version = "0.3.2"
source = "registry+https://github.com/rust-lang/crates.io-index"
checksum = "b823e83b2affd8f40a9ee8c29dbc56404c1e34cd2710921f2801e2cf29527afa"
dependencies = [
 "libc",
]

[[package]]
name = "memchr"
version = "2.3.4"
source = "registry+https://github.com/rust-lang/crates.io-index"
checksum = "0ee1c47aaa256ecabcaea351eae4a9b01ef39ed810004e298d2511ed284b1525"

[[package]]
name = "memoffset"
version = "0.5.6"
source = "registry+https://github.com/rust-lang/crates.io-index"
checksum = "043175f069eda7b85febe4a74abbaeff828d9f8b448515d3151a14a3542811aa"
dependencies = [
 "autocfg",
]

[[package]]
name = "miniz_oxide"
version = "0.4.3"
source = "registry+https://github.com/rust-lang/crates.io-index"
checksum = "0f2d26ec3309788e423cfbf68ad1800f061638098d76a83681af979dc4eda19d"
dependencies = [
 "adler",
 "autocfg",
]

[[package]]
name = "mio"
version = "0.7.5"
source = "registry+https://github.com/rust-lang/crates.io-index"
checksum = "8962c171f57fcfffa53f4df1bb15ec4c8cf26a7569459c9ceb62d94aab0d9584"
dependencies = [
 "libc",
 "log",
 "miow",
 "ntapi",
 "winapi",
]

[[package]]
name = "miow"
version = "0.3.5"
source = "registry+https://github.com/rust-lang/crates.io-index"
checksum = "07b88fb9795d4d36d62a012dfbf49a8f5cf12751f36d31a9dbe66d528e58979e"
dependencies = [
 "socket2",
 "winapi",
]

[[package]]
name = "nix"
version = "0.17.0"
source = "registry+https://github.com/rust-lang/crates.io-index"
checksum = "50e4785f2c3b7589a0d0c1dd60285e1188adac4006e8abd6dd578e1567027363"
dependencies = [
 "bitflags",
 "cc",
 "cfg-if 0.1.10",
 "libc",
 "void",
]

[[package]]
name = "nix"
version = "0.18.0"
source = "registry+https://github.com/rust-lang/crates.io-index"
checksum = "83450fe6a6142ddd95fb064b746083fc4ef1705fe81f64a64e1d4b39f54a1055"
dependencies = [
 "bitflags",
 "cc",
 "cfg-if 0.1.10",
 "libc",
]

[[package]]
name = "nix"
version = "0.19.0"
source = "registry+https://github.com/rust-lang/crates.io-index"
checksum = "85db2feff6bf70ebc3a4793191517d5f0331100a2f10f9bf93b5e5214f32b7b7"
dependencies = [
 "bitflags",
 "cc",
 "cfg-if 0.1.10",
 "libc",
]

[[package]]
name = "normalize-line-endings"
version = "0.3.0"
source = "registry+https://github.com/rust-lang/crates.io-index"
checksum = "61807f77802ff30975e01f4f071c8ba10c022052f98b3294119f3e615d13e5be"

[[package]]
name = "ntapi"
version = "0.3.6"
source = "registry+https://github.com/rust-lang/crates.io-index"
checksum = "3f6bb902e437b6d86e03cce10a7e2af662292c5dfef23b65899ea3ac9354ad44"
dependencies = [
 "winapi",
]

[[package]]
name = "num-integer"
version = "0.1.44"
source = "registry+https://github.com/rust-lang/crates.io-index"
checksum = "d2cc698a63b549a70bc047073d2949cce27cd1c7b0a4a862d08a8031bc2801db"
dependencies = [
 "autocfg",
 "num-traits",
]

[[package]]
name = "num-rational"
version = "0.3.1"
source = "registry+https://github.com/rust-lang/crates.io-index"
checksum = "e5fa6d5f418879385b213d905f7cf5bf4aa553d4c380f0152d1d4f2749186fa9"
dependencies = [
 "autocfg",
 "num-integer",
 "num-traits",
]

[[package]]
name = "num-traits"
version = "0.2.14"
source = "registry+https://github.com/rust-lang/crates.io-index"
checksum = "9a64b1ec5cda2586e284722486d802acf1f7dbdc623e2bfc57e65ca1cd099290"
dependencies = [
 "autocfg",
]

[[package]]
name = "num_cpus"
version = "1.13.0"
source = "registry+https://github.com/rust-lang/crates.io-index"
checksum = "05499f3756671c15885fee9034446956fff3f243d6077b91e5767df161f766b3"
dependencies = [
 "hermit-abi",
 "libc",
]

[[package]]
name = "object"
version = "0.22.0"
source = "registry+https://github.com/rust-lang/crates.io-index"
checksum = "8d3b63360ec3cb337817c2dbd47ab4a0f170d285d8e5a2064600f3def1402397"

[[package]]
name = "once_cell"
version = "1.5.2"
source = "registry+https://github.com/rust-lang/crates.io-index"
checksum = "13bd41f508810a131401606d54ac32a467c97172d74ba7662562ebba5ad07fa0"

[[package]]
name = "ordered-float"
version = "1.0.2"
source = "registry+https://github.com/rust-lang/crates.io-index"
checksum = "18869315e81473c951eb56ad5558bbc56978562d3ecfb87abb7a1e944cea4518"
dependencies = [
 "num-traits",
]

[[package]]
name = "parking_lot"
version = "0.11.0"
source = "registry+https://github.com/rust-lang/crates.io-index"
checksum = "a4893845fa2ca272e647da5d0e46660a314ead9c2fdd9a883aabc32e481a8733"
dependencies = [
 "instant",
 "lock_api",
 "parking_lot_core",
]

[[package]]
name = "parking_lot_core"
version = "0.8.0"
source = "registry+https://github.com/rust-lang/crates.io-index"
checksum = "c361aa727dd08437f2f1447be8b59a33b0edd15e0fcee698f935613d9efbca9b"
dependencies = [
 "cfg-if 0.1.10",
 "cloudabi",
 "instant",
 "libc",
 "redox_syscall",
 "smallvec",
 "winapi",
]

[[package]]
name = "pin-project"
version = "1.0.1"
source = "registry+https://github.com/rust-lang/crates.io-index"
checksum = "ee41d838744f60d959d7074e3afb6b35c7456d0f61cad38a24e35e6553f73841"
dependencies = [
 "pin-project-internal",
]

[[package]]
name = "pin-project-internal"
version = "1.0.1"
source = "registry+https://github.com/rust-lang/crates.io-index"
checksum = "81a4ffa594b66bff340084d4081df649a7dc049ac8d7fc458d8e628bfbbb2f86"
dependencies = [
 "proc-macro2",
 "quote",
 "syn",
]

[[package]]
name = "pin-utils"
version = "0.1.0"
source = "registry+https://github.com/rust-lang/crates.io-index"
checksum = "8b870d8c151b6f2fb93e84a13146138f05d02ed11c7e7c54f8826aaaf7c9f184"

[[package]]
name = "platforms"
version = "0.2.1"
source = "registry+https://github.com/rust-lang/crates.io-index"
checksum = "feb3b2b1033b8a60b4da6ee470325f887758c95d5320f52f9ce0df055a55940e"

[[package]]
name = "predicates"
version = "1.0.5"
source = "registry+https://github.com/rust-lang/crates.io-index"
checksum = "96bfead12e90dccead362d62bb2c90a5f6fc4584963645bc7f71a735e0b0735a"
dependencies = [
 "difference",
 "float-cmp",
 "normalize-line-endings",
 "predicates-core",
 "regex",
]

[[package]]
name = "predicates-core"
version = "1.0.0"
source = "registry+https://github.com/rust-lang/crates.io-index"
checksum = "06075c3a3e92559ff8929e7a280684489ea27fe44805174c3ebd9328dcb37178"

[[package]]
name = "predicates-tree"
version = "1.0.0"
source = "registry+https://github.com/rust-lang/crates.io-index"
checksum = "8e63c4859013b38a76eca2414c64911fba30def9e3202ac461a2d22831220124"
dependencies = [
 "predicates-core",
 "treeline",
]

[[package]]
name = "proc-macro-hack"
version = "0.5.19"
source = "registry+https://github.com/rust-lang/crates.io-index"
checksum = "dbf0c48bc1d91375ae5c3cd81e3722dff1abcf81a30960240640d223f59fe0e5"

[[package]]
name = "proc-macro-nested"
version = "0.1.6"
source = "registry+https://github.com/rust-lang/crates.io-index"
checksum = "eba180dafb9038b050a4c280019bbedf9f2467b61e5d892dcad585bb57aadc5a"

[[package]]
name = "proc-macro2"
version = "1.0.24"
source = "registry+https://github.com/rust-lang/crates.io-index"
checksum = "1e0704ee1a7e00d7bb417d0770ea303c1bccbabf0ef1667dae92b5967f5f8a71"
dependencies = [
 "unicode-xid",
]

[[package]]
name = "quote"
version = "1.0.7"
source = "registry+https://github.com/rust-lang/crates.io-index"
checksum = "aa563d17ecb180e500da1cfd2b028310ac758de548efdd203e18f283af693f37"
dependencies = [
 "proc-macro2",
]

[[package]]
name = "raw-cpuid"
version = "7.0.3"
source = "registry+https://github.com/rust-lang/crates.io-index"
checksum = "b4a349ca83373cfa5d6dbb66fd76e58b2cca08da71a5f6400de0a0a6a9bceeaf"
dependencies = [
 "bitflags",
 "cc",
 "rustc_version",
]

[[package]]
name = "rayon"
version = "1.5.0"
source = "registry+https://github.com/rust-lang/crates.io-index"
checksum = "8b0d8e0819fadc20c74ea8373106ead0600e3a67ef1fe8da56e39b9ae7275674"
dependencies = [
 "autocfg",
 "crossbeam-deque",
 "either",
 "rayon-core",
]

[[package]]
name = "rayon-core"
version = "1.9.0"
source = "registry+https://github.com/rust-lang/crates.io-index"
checksum = "9ab346ac5921dc62ffa9f89b7a773907511cdfa5490c572ae9be1be33e8afa4a"
dependencies = [
 "crossbeam-channel",
 "crossbeam-deque",
 "crossbeam-utils",
 "lazy_static",
 "num_cpus",
]

[[package]]
name = "redox_syscall"
version = "0.1.57"
source = "registry+https://github.com/rust-lang/crates.io-index"
checksum = "41cc0f7e4d5d4544e8861606a285bb08d3e70712ccc7d2b84d7c0ccfaf4b05ce"

[[package]]
name = "redox_users"
version = "0.3.5"
source = "registry+https://github.com/rust-lang/crates.io-index"
checksum = "de0737333e7a9502c789a36d7c7fa6092a49895d4faa31ca5df163857ded2e9d"
dependencies = [
 "getrandom",
 "redox_syscall",
]

[[package]]
name = "regex"
version = "1.4.2"
source = "registry+https://github.com/rust-lang/crates.io-index"
checksum = "38cf2c13ed4745de91a5eb834e11c00bcc3709e773173b2ce4c56c9fbde04b9c"
dependencies = [
 "aho-corasick",
 "memchr",
 "regex-syntax",
 "thread_local",
]

[[package]]
name = "regex-syntax"
version = "0.6.21"
source = "registry+https://github.com/rust-lang/crates.io-index"
checksum = "3b181ba2dcf07aaccad5448e8ead58db5b742cf85dfe035e2227f137a539a189"

[[package]]
name = "rustc-demangle"
version = "0.1.18"
source = "registry+https://github.com/rust-lang/crates.io-index"
checksum = "6e3bad0ee36814ca07d7968269dd4b7ec89ec2da10c4bb613928d3077083c232"

[[package]]
name = "rustc_version"
version = "0.2.3"
source = "registry+https://github.com/rust-lang/crates.io-index"
checksum = "138e3e0acb6c9fb258b19b67cb8abd63c00679d2851805ea151465464fe9030a"
dependencies = [
 "semver",
]

[[package]]
name = "scopeguard"
version = "1.1.0"
source = "registry+https://github.com/rust-lang/crates.io-index"
checksum = "d29ab0c6d3fc0ee92fe66e2d99f700eab17a8d57d1c1d3b748380fb20baa78cd"

[[package]]
name = "semver"
version = "0.9.0"
source = "registry+https://github.com/rust-lang/crates.io-index"
checksum = "1d7eb9ef2c18661902cc47e535f9bc51b78acd254da71d375c2f6720d9a40403"
dependencies = [
 "semver-parser",
]

[[package]]
name = "semver-parser"
version = "0.7.0"
source = "registry+https://github.com/rust-lang/crates.io-index"
checksum = "388a1df253eca08550bef6c72392cfe7c30914bf41df5269b68cbd6ff8f570a3"

[[package]]
name = "serde"
version = "1.0.117"
source = "registry+https://github.com/rust-lang/crates.io-index"
checksum = "b88fa983de7720629c9387e9f517353ed404164b1e482c970a90c1a4aaf7dc1a"
dependencies = [
 "serde_derive",
]

[[package]]
name = "serde_derive"
version = "1.0.117"
source = "registry+https://github.com/rust-lang/crates.io-index"
checksum = "cbd1ae72adb44aab48f325a02444a5fc079349a8d804c1fc922aed3f7454c74e"
dependencies = [
 "proc-macro2",
 "quote",
 "syn",
]

[[package]]
name = "signal-hook"
version = "0.1.16"
source = "registry+https://github.com/rust-lang/crates.io-index"
checksum = "604508c1418b99dfe1925ca9224829bb2a8a9a04dda655cc01fcad46f4ab05ed"
dependencies = [
 "libc",
 "mio",
 "signal-hook-registry",
]

[[package]]
name = "signal-hook-registry"
version = "1.2.2"
source = "registry+https://github.com/rust-lang/crates.io-index"
checksum = "ce32ea0c6c56d5eacaeb814fbed9960547021d3edd010ded1425f180536b20ab"
dependencies = [
 "libc",
]

[[package]]
name = "slab"
version = "0.4.2"
source = "registry+https://github.com/rust-lang/crates.io-index"
checksum = "c111b5bd5695e56cffe5129854aa230b39c93a305372fdbb2668ca2394eea9f8"

[[package]]
name = "smallvec"
version = "1.4.2"
source = "registry+https://github.com/rust-lang/crates.io-index"
checksum = "fbee7696b84bbf3d89a1c2eccff0850e3047ed46bfcd2e92c29a2d074d57e252"

[[package]]
name = "socket2"
version = "0.3.15"
source = "registry+https://github.com/rust-lang/crates.io-index"
checksum = "b1fa70dc5c8104ec096f4fe7ede7a221d35ae13dcd19ba1ad9a81d2cab9a1c44"
dependencies = [
 "cfg-if 0.1.10",
 "libc",
 "redox_syscall",
 "winapi",
]

[[package]]
name = "strsim"
version = "0.8.0"
source = "registry+https://github.com/rust-lang/crates.io-index"
checksum = "8ea5119cdb4c55b55d432abb513a0429384878c15dde60cc77b1c99de1a95a6a"

[[package]]
name = "syn"
version = "1.0.48"
source = "registry+https://github.com/rust-lang/crates.io-index"
checksum = "cc371affeffc477f42a221a1e4297aedcea33d47d19b61455588bd9d8f6b19ac"
dependencies = [
 "proc-macro2",
 "quote",
 "unicode-xid",
]

[[package]]
name = "sysinfo"
version = "0.15.3"
source = "registry+https://github.com/rust-lang/crates.io-index"
checksum = "67330cbee3b2a819e3365a773f05e884a136603687f812bf24db5b6c3d76b696"
dependencies = [
 "cfg-if 0.1.10",
 "doc-comment",
 "libc",
 "ntapi",
 "once_cell",
 "rayon",
 "winapi",
]

[[package]]
name = "textwrap"
version = "0.11.0"
source = "registry+https://github.com/rust-lang/crates.io-index"
checksum = "d326610f408c7a4eb6f51c37c330e496b08506c9457c9d34287ecc38809fb060"
dependencies = [
 "unicode-width",
]

[[package]]
name = "thiserror"
version = "1.0.21"
source = "registry+https://github.com/rust-lang/crates.io-index"
checksum = "318234ffa22e0920fe9a40d7b8369b5f649d490980cf7aadcf1eb91594869b42"
dependencies = [
 "thiserror-impl",
]

[[package]]
name = "thiserror-impl"
version = "1.0.21"
source = "registry+https://github.com/rust-lang/crates.io-index"
checksum = "cae2447b6282786c3493999f40a9be2a6ad20cb8bd268b0a0dbf5a065535c0ab"
dependencies = [
 "proc-macro2",
 "quote",
 "syn",
]

[[package]]
name = "thread_local"
version = "1.0.1"
source = "registry+https://github.com/rust-lang/crates.io-index"
checksum = "d40c6d1b69745a6ec6fb1ca717914848da4b44ae29d9b3080cbee91d72a69b14"
dependencies = [
 "lazy_static",
]

[[package]]
name = "threadpool"
version = "1.8.1"
source = "registry+https://github.com/rust-lang/crates.io-index"
checksum = "d050e60b33d41c19108b32cea32164033a9013fe3b46cbd4457559bfbf77afaa"
dependencies = [
 "num_cpus",
]

[[package]]
name = "time"
version = "0.1.44"
source = "registry+https://github.com/rust-lang/crates.io-index"
checksum = "6db9e6914ab8b1ae1c260a4ae7a49b6c5611b40328a735b21862567685e73255"
dependencies = [
 "libc",
 "wasi 0.10.0+wasi-snapshot-preview1",
 "winapi",
]

[[package]]
name = "toml"
version = "0.5.7"
source = "registry+https://github.com/rust-lang/crates.io-index"
checksum = "75cf45bb0bef80604d001caaec0d09da99611b3c0fd39d3080468875cdb65645"
dependencies = [
 "serde",
]

[[package]]
name = "treeline"
version = "0.1.0"
source = "registry+https://github.com/rust-lang/crates.io-index"
checksum = "a7f741b240f1a48843f9b8e0444fb55fb2a4ff67293b50a9179dfd5ea67f8d41"

[[package]]
name = "tui"
version = "0.13.0"
source = "registry+https://github.com/rust-lang/crates.io-index"
checksum = "5d4e6c82bb967df89f20b875fa8835fab5d5622c6a5efa574a1f0b6d0aa6e8f6"
dependencies = [
 "bitflags",
 "cassowary",
 "crossterm",
 "unicode-segmentation",
 "unicode-width",
]

[[package]]
name = "typed-builder"
version = "0.7.0"
source = "registry+https://github.com/rust-lang/crates.io-index"
checksum = "d942c3f63d40f62b3fece2ab34a5bfc0d427ef148010fa732f5d56da0ac6d6ec"
dependencies = [
 "proc-macro2",
 "quote",
 "syn",
]

[[package]]
name = "typenum"
version = "1.12.0"
source = "registry+https://github.com/rust-lang/crates.io-index"
checksum = "373c8a200f9e67a0c95e62a4f52fbf80c23b4381c05a17845531982fa99e6b33"

[[package]]
name = "unicode-segmentation"
version = "1.7.0"
source = "registry+https://github.com/rust-lang/crates.io-index"
checksum = "db8716a166f290ff49dabc18b44aa407cb7c6dbe1aa0971b44b8a24b0ca35aae"

[[package]]
name = "unicode-width"
version = "0.1.8"
source = "registry+https://github.com/rust-lang/crates.io-index"
checksum = "9337591893a19b88d8d87f2cec1e73fad5cdfd10e5a6f349f498ad6ea2ffb1e3"

[[package]]
name = "unicode-xid"
version = "0.2.1"
source = "registry+https://github.com/rust-lang/crates.io-index"
checksum = "f7fe0bb3479651439c9112f72b6c505038574c9fbb575ed1bf3b797fa39dd564"

[[package]]
name = "uom"
version = "0.30.0"
source = "registry+https://github.com/rust-lang/crates.io-index"
checksum = "e76503e636584f1e10b9b3b9498538279561adcef5412927ba00c2b32c4ce5ed"
dependencies = [
 "num-rational",
 "num-traits",
 "typenum",
]

[[package]]
name = "vec_map"
version = "0.8.2"
source = "registry+https://github.com/rust-lang/crates.io-index"
checksum = "f1bddf1187be692e79c5ffeab891132dfb0f236ed36a43c7ed39f1165ee20191"

[[package]]
name = "void"
version = "1.0.2"
source = "registry+https://github.com/rust-lang/crates.io-index"
checksum = "6a02e4885ed3bc0f2de90ea6dd45ebcbb66dacffe03547fadbb0eeae2770887d"

[[package]]
name = "wait-timeout"
version = "0.2.0"
source = "registry+https://github.com/rust-lang/crates.io-index"
checksum = "9f200f5b12eb75f8c1ed65abd4b2db8a6e1b138a20de009dacee265a2498f3f6"
dependencies = [
 "libc",
]

[[package]]
name = "wasi"
version = "0.9.0+wasi-snapshot-preview1"
source = "registry+https://github.com/rust-lang/crates.io-index"
checksum = "cccddf32554fecc6acb585f82a32a72e28b48f8c4c1883ddfeeeaa96f7d8e519"

[[package]]
name = "wasi"
version = "0.10.0+wasi-snapshot-preview1"
source = "registry+https://github.com/rust-lang/crates.io-index"
checksum = "1a143597ca7c7793eff794def352d41792a93c481eb1042423ff7ff72ba2c31f"

[[package]]
name = "widestring"
version = "0.4.3"
source = "registry+https://github.com/rust-lang/crates.io-index"
checksum = "c168940144dd21fd8046987c16a46a33d5fc84eec29ef9dcddc2ac9e31526b7c"

[[package]]
name = "winapi"
version = "0.3.9"
source = "registry+https://github.com/rust-lang/crates.io-index"
checksum = "5c839a674fcd7a98952e593242ea400abe93992746761e38641405d28b00f419"
dependencies = [
 "winapi-i686-pc-windows-gnu",
 "winapi-x86_64-pc-windows-gnu",
]

[[package]]
name = "winapi-i686-pc-windows-gnu"
version = "0.4.0"
source = "registry+https://github.com/rust-lang/crates.io-index"
checksum = "ac3b87c63620426dd9b991e5ce0329eff545bccbbb34f3be09ff6fb6ab51b7b6"

[[package]]
name = "winapi-x86_64-pc-windows-gnu"
version = "0.4.0"
source = "registry+https://github.com/rust-lang/crates.io-index"
checksum = "712e227841d057c1ee1cd2fb22fa7e5a5461ae8e48fa2ca79ec42cfc1931183f"
